
Microsoft Visual Studio Solution File, Format Version 12.00
# Visual Studio Version 17
VisualStudioVersion = 17.5.33516.290
MinimumVisualStudioVersion = 10.0.40219.1

Project("{9A19103F-16F7-4668-BE54-9A1E7A4F7556}") = "Test", "Test\Test.csproj", "{A081C99B-9F00-429B-9DDB-E65F6DDD60B2}"
EndProject
Project("{FAE04EC0-301F-11D3-BF4B-00C04F79EFBC}") = "Egov.Integrations.MDocs", "Egov.Integrations.MDocs\Egov.Integrations.MDocs.csproj", "{661B7DDD-9B45-4F2B-A1BF-892FFBE1ABE6}"
EndProject
Project("{FAE04EC0-301F-11D3-BF4B-00C04F79EFBC}") = "Egov.Integrations.MDocs.Tests", "Egov.Integrations.MDocs.Tests\Egov.Integrations.MDocs.Tests.csproj", "{66C231D9-FEAC-48C4-B787-8FB7399BE05C}"
EndProject
Global
	GlobalSection(SolutionConfigurationPlatforms) = preSolution
		Debug|Any CPU = Debug|Any CPU
		Release|Any CPU = Release|Any CPU
	EndGlobalSection
	GlobalSection(ProjectConfigurationPlatforms) = postSolution
		{A081C99B-9F00-429B-9DDB-E65F6DDD60B2}.Debug|Any CPU.ActiveCfg = Debug|Any CPU
		{A081C99B-9F00-429B-9DDB-E65F6DDD60B2}.Debug|Any CPU.Build.0 = Debug|Any CPU
		{A081C99B-9F00-429B-9DDB-E65F6DDD60B2}.Release|Any CPU.ActiveCfg = Release|Any CPU
		{A081C99B-9F00-429B-9DDB-E65F6DDD60B2}.Release|Any CPU.Build.0 = Release|Any CPU
		{661B7DDD-9B45-4F2B-A1BF-892FFBE1ABE6}.Debug|Any CPU.ActiveCfg = Debug|Any CPU
		{661B7DDD-9B45-4F2B-A1BF-892FFBE1ABE6}.Debug|Any CPU.Build.0 = Debug|Any CPU
		{661B7DDD-9B45-4F2B-A1BF-892FFBE1ABE6}.Release|Any CPU.ActiveCfg = Release|Any CPU
		{661B7DDD-9B45-4F2B-A1BF-892FFBE1ABE6}.Release|Any CPU.Build.0 = Release|Any CPU
		{66C231D9-FEAC-48C4-B787-8FB7399BE05C}.Debug|Any CPU.ActiveCfg = Debug|Any CPU
		{66C231D9-FEAC-48C4-B787-8FB7399BE05C}.Debug|Any CPU.Build.0 = Debug|Any CPU
		{66C231D9-FEAC-48C4-B787-8FB7399BE05C}.Release|Any CPU.ActiveCfg = Release|Any CPU
		{66C231D9-FEAC-48C4-B787-8FB7399BE05C}.Release|Any CPU.Build.0 = Release|Any CPU
	EndGlobalSection
	GlobalSection(SolutionProperties) = preSolution
		HideSolutionNode = FALSE
	EndGlobalSection
	GlobalSection(ExtensibilityGlobals) = postSolution
		SolutionGuid = {EDAA63AC-85F9-4816-AE94-E965BAA23D84}
	EndGlobalSection
EndGlobal
